
Microsoft Visual Studio Solution File, Format Version 12.00
# Visual Studio Version 17
VisualStudioVersion = 17.10.35122.118
MinimumVisualStudioVersion = 10.0.40219.1
Project("{888888A0-9F3D-457C-B088-3A5042F75D52}") = "Бот на перерывы", "Бот на перерывы\Бот на перерывы.pyproj", "{2BD8C393-8BE8-4AF1-A7E8-9D918EC49F21}"
EndProject
Global
	GlobalSection(SolutionConfigurationPlatforms) = preSolution
		Debug|Any CPU = Debug|Any CPU
		Release|Any CPU = Release|Any CPU
	EndGlobalSection
	GlobalSection(ProjectConfigurationPlatforms) = postSolution
		{2BD8C393-8BE8-4AF1-A7E8-9D918EC49F21}.Debug|Any CPU.ActiveCfg = Debug|Any CPU
		{2BD8C393-8BE8-4AF1-A7E8-9D918EC49F21}.Release|Any CPU.ActiveCfg = Release|Any CPU
	EndGlobalSection
	GlobalSection(SolutionProperties) = preSolution
		HideSolutionNode = FALSE
	EndGlobalSection
	GlobalSection(ExtensibilityGlobals) = postSolution
		SolutionGuid = {C69908D1-91A2-48EB-8079-5387C05E9F7B}
	EndGlobalSection
EndGlobal
